// !$*UTF8*$!
{
	archiveVersion = 1;
	classes = {
	};
	objectVersion = 46;
	objects = {

/* Begin PBXBuildFile section */
		72CFEFA61B537A2200F1EE32 /* AppDelegate.swift in Sources */ = {isa = PBXBuildFile; fileRef = 72CFEFA51B537A2200F1EE32 /* AppDelegate.swift */; };
		72CFEFA81B537A2200F1EE32 /* ViewController.swift in Sources */ = {isa = PBXBuildFile; fileRef = 72CFEFA71B537A2200F1EE32 /* ViewController.swift */; };
		72CFEFAB1B537A2200F1EE32 /* Main.storyboard in Resources */ = {isa = PBXBuildFile; fileRef = 72CFEFA91B537A2200F1EE32 /* Main.storyboard */; };
		72CFEFAD1B537A2200F1EE32 /* Images.xcassets in Resources */ = {isa = PBXBuildFile; fileRef = 72CFEFAC1B537A2200F1EE32 /* Images.xcassets */; };
		72CFEFB01B537A2200F1EE32 /* LaunchScreen.xib in Resources */ = {isa = PBXBuildFile; fileRef = 72CFEFAE1B537A2200F1EE32 /* LaunchScreen.xib */; };
		72CFEFBC1B537A2200F1EE32 /* LaikaTests.swift in Sources */ = {isa = PBXBuildFile; fileRef = 72CFEFBB1B537A2200F1EE32 /* LaikaTests.swift */; };
/* End PBXBuildFile section */

/* Begin PBXContainerItemProxy section */
		72CFEFB61B537A2200F1EE32 /* PBXContainerItemProxy */ = {
			isa = PBXContainerItemProxy;
			containerPortal = 72CFEF981B537A2200F1EE32 /* Project object */;
			proxyType = 1;
			remoteGlobalIDString = 72CFEF9F1B537A2200F1EE32;
			remoteInfo = Laika;
		};
/* End PBXContainerItemProxy section */

/* Begin PBXFileReference section */
		72CFEFA01B537A2200F1EE32 /* Laika.app */ = {isa = PBXFileReference; explicitFileType = wrapper.application; includeInIndex = 0; path = Laika.app; sourceTree = BUILT_PRODUCTS_DIR; };
		72CFEFA41B537A2200F1EE32 /* Info.plist */ = {isa = PBXFileReference; lastKnownFileType = text.plist.xml; path = Info.plist; sourceTree = "<group>"; };
		72CFEFA51B537A2200F1EE32 /* AppDelegate.swift */ = {isa = PBXFileReference; lastKnownFileType = sourcecode.swift; path = AppDelegate.swift; sourceTree = "<group>"; };
		72CFEFA71B537A2200F1EE32 /* ViewController.swift */ = {isa = PBXFileReference; lastKnownFileType = sourcecode.swift; path = ViewController.swift; sourceTree = "<group>"; };
		72CFEFAA1B537A2200F1EE32 /* Base */ = {isa = PBXFileReference; lastKnownFileType = file.storyboard; name = Base; path = Base.lproj/Main.storyboard; sourceTree = "<group>"; };
		72CFEFAC1B537A2200F1EE32 /* Images.xcassets */ = {isa = PBXFileReference; lastKnownFileType = folder.assetcatalog; path = Images.xcassets; sourceTree = "<group>"; };
		72CFEFAF1B537A2200F1EE32 /* Base */ = {isa = PBXFileReference; lastKnownFileType = file.xib; name = Base; path = Base.lproj/LaunchScreen.xib; sourceTree = "<group>"; };
		72CFEFB51B537A2200F1EE32 /* LaikaTests.xctest */ = {isa = PBXFileReference; explicitFileType = wrapper.cfbundle; includeInIndex = 0; path = LaikaTests.xctest; sourceTree = BUILT_PRODUCTS_DIR; };
		72CFEFBA1B537A2200F1EE32 /* Info.plist */ = {isa = PBXFileReference; lastKnownFileType = text.plist.xml; path = Info.plist; sourceTree = "<group>"; };
		72CFEFBB1B537A2200F1EE32 /* LaikaTests.swift */ = {isa = PBXFileReference; lastKnownFileType = sourcecode.swift; path = LaikaTests.swift; sourceTree = "<group>"; };
/* End PBXFileReference section */

/* Begin PBXFrameworksBuildPhase section */
		72CFEF9D1B537A2200F1EE32 /* Frameworks */ = {
			isa = PBXFrameworksBuildPhase;
			buildActionMask = 2147483647;
			files = (
			);
			runOnlyForDeploymentPostprocessing = 0;
		};
		72CFEFB21B537A2200F1EE32 /* Frameworks */ = {
			isa = PBXFrameworksBuildPhase;
			buildActionMask = 2147483647;
			files = (
			);
			runOnlyForDeploymentPostprocessing = 0;
		};
/* End PBXFrameworksBuildPhase section */

/* Begin PBXGroup section */
		72CFEF971B537A2200F1EE32 = {
			isa = PBXGroup;
			children = (
				72CFEFA21B537A2200F1EE32 /* Laika */,
				72CFEFB81B537A2200F1EE32 /* LaikaTests */,
				72CFEFA11B537A2200F1EE32 /* Products */,
			);
			sourceTree = "<group>";
		};
		72CFEFA11B537A2200F1EE32 /* Products */ = {
			isa = PBXGroup;
			children = (
				72CFEFA01B537A2200F1EE32 /* Laika.app */,
				72CFEFB51B537A2200F1EE32 /* LaikaTests.xctest */,
			);
			name = Products;
			sourceTree = "<group>";
		};
		72CFEFA21B537A2200F1EE32 /* Laika */ = {
			isa = PBXGroup;
			children = (
				72CFEFA51B537A2200F1EE32 /* AppDelegate.swift */,
				72CFEFA71B537A2200F1EE32 /* ViewController.swift */,
				72CFEFA91B537A2200F1EE32 /* Main.storyboard */,
				72CFEFAC1B537A2200F1EE32 /* Images.xcassets */,
				72CFEFAE1B537A2200F1EE32 /* LaunchScreen.xib */,
				72CFEFA31B537A2200F1EE32 /* Supporting Files */,
			);
			path = Laika;
			sourceTree = "<group>";
		};
		72CFEFA31B537A2200F1EE32 /* Supporting Files */ = {
			isa = PBXGroup;
			children = (
				72CFEFA41B537A2200F1EE32 /* Info.plist */,
			);
			name = "Supporting Files";
			sourceTree = "<group>";
		};
		72CFEFB81B537A2200F1EE32 /* LaikaTests */ = {
			isa = PBXGroup;
			children = (
				72CFEFBB1B537A2200F1EE32 /* LaikaTests.swift */,
				72CFEFB91B537A2200F1EE32 /* Supporting Files */,
			);
			path = LaikaTests;
			sourceTree = "<group>";
		};
		72CFEFB91B537A2200F1EE32 /* Supporting Files */ = {
			isa = PBXGroup;
			children = (
				72CFEFBA1B537A2200F1EE32 /* Info.plist */,
			);
			name = "Supporting Files";
			sourceTree = "<group>";
		};
/* End PBXGroup section */

/* Begin PBXNativeTarget section */
		72CFEF9F1B537A2200F1EE32 /* Laika */ = {
			isa = PBXNativeTarget;
			buildConfigurationList = 72CFEFBF1B537A2200F1EE32 /* Build configuration list for PBXNativeTarget "Laika" */;
			buildPhases = (
				72CFEF9C1B537A2200F1EE32 /* Sources */,
				72CFEF9D1B537A2200F1EE32 /* Frameworks */,
				72CFEF9E1B537A2200F1EE32 /* Resources */,
			);
			buildRules = (
			);
			dependencies = (
			);
			name = Laika;
			productName = Laika;
			productReference = 72CFEFA01B537A2200F1EE32 /* Laika.app */;
			productType = "com.apple.product-type.application";
		};
		72CFEFB41B537A2200F1EE32 /* LaikaTests */ = {
			isa = PBXNativeTarget;
			buildConfigurationList = 72CFEFC21B537A2200F1EE32 /* Build configuration list for PBXNativeTarget "LaikaTests" */;
			buildPhases = (
				72CFEFB11B537A2200F1EE32 /* Sources */,
				72CFEFB21B537A2200F1EE32 /* Frameworks */,
				72CFEFB31B537A2200F1EE32 /* Resources */,
			);
			buildRules = (
			);
			dependencies = (
				72CFEFB71B537A2200F1EE32 /* PBXTargetDependency */,
			);
			name = LaikaTests;
			productName = LaikaTests;
			productReference = 72CFEFB51B537A2200F1EE32 /* LaikaTests.xctest */;
			productType = "com.apple.product-type.bundle.unit-test";
		};
/* End PBXNativeTarget section */

/* Begin PBXProject section */
		72CFEF981B537A2200F1EE32 /* Project object */ = {
			isa = PBXProject;
			attributes = {
				LastUpgradeCheck = 0620;
				ORGANIZATIONNAME = "Dallin Holder";
				TargetAttributes = {
					72CFEF9F1B537A2200F1EE32 = {
						CreatedOnToolsVersion = 6.2;
					};
					72CFEFB41B537A2200F1EE32 = {
						CreatedOnToolsVersion = 6.2;
						TestTargetID = 72CFEF9F1B537A2200F1EE32;
					};
				};
			};
			buildConfigurationList = 72CFEF9B1B537A2200F1EE32 /* Build configuration list for PBXProject "Laika" */;
			compatibilityVersion = "Xcode 3.2";
			developmentRegion = English;
			hasScannedForEncodings = 0;
			knownRegions = (
				en,
				Base,
			);
			mainGroup = 72CFEF971B537A2200F1EE32;
			productRefGroup = 72CFEFA11B537A2200F1EE32 /* Products */;
			projectDirPath = "";
			projectRoot = "";
			targets = (
				72CFEF9F1B537A2200F1EE32 /* Laika */,
				72CFEFB41B537A2200F1EE32 /* LaikaTests */,
			);
		};
/* End PBXProject section */

/* Begin PBXResourcesBuildPhase section */
		72CFEF9E1B537A2200F1EE32 /* Resources */ = {
			isa = PBXResourcesBuildPhase;
			buildActionMask = 2147483647;
			files = (
				72CFEFAB1B537A2200F1EE32 /* Main.storyboard in Resources */,
				72CFEFB01B537A2200F1EE32 /* LaunchScreen.xib in Resources */,
				72CFEFAD1B537A2200F1EE32 /* Images.xcassets in Resources */,
			);
			runOnlyForDeploymentPostprocessing = 0;
		};
		72CFEFB31B537A2200F1EE32 /* Resources */ = {
			isa = PBXResourcesBuildPhase;
			buildActionMask = 2147483647;
			files = (
			);
			runOnlyForDeploymentPostprocessing = 0;
		};
/* End PBXResourcesBuildPhase section */

/* Begin PBXSourcesBuildPhase section */
		72CFEF9C1B537A2200F1EE32 /* Sources */ = {
			isa = PBXSourcesBuildPhase;
			buildActionMask = 2147483647;
			files = (
				72CFEFA81B537A2200F1EE32 /* ViewController.swift in Sources */,
				72CFEFA61B537A2200F1EE32 /* AppDelegate.swift in Sources */,
			);
			runOnlyForDeploymentPostprocessing = 0;
		};
		72CFEFB11B537A2200F1EE32 /* Sources */ = {
			isa = PBXSourcesBuildPhase;
			buildActionMask = 2147483647;
			files = (
				72CFEFBC1B537A2200F1EE32 /* LaikaTests.swift in Sources */,
			);
			runOnlyForDeploymentPostprocessing = 0;
		};
/* End PBXSourcesBuildPhase section */

/* Begin PBXTargetDependency section */
		72CFEFB71B537A2200F1EE32 /* PBXTargetDependency */ = {
			isa = PBXTargetDependency;
			target = 72CFEF9F1B537A2200F1EE32 /* Laika */;
			targetProxy = 72CFEFB61B537A2200F1EE32 /* PBXContainerItemProxy */;
		};
/* End PBXTargetDependency section */

/* Begin PBXVariantGroup section */
		72CFEFA91B537A2200F1EE32 /* Main.storyboard */ = {
			isa = PBXVariantGroup;
			children = (
				72CFEFAA1B537A2200F1EE32 /* Base */,
			);
			name = Main.storyboard;
			sourceTree = "<group>";
		};
		72CFEFAE1B537A2200F1EE32 /* LaunchScreen.xib */ = {
			isa = PBXVariantGroup;
			children = (
				72CFEFAF1B537A2200F1EE32 /* Base */,
			);
			name = LaunchScreen.xib;
			sourceTree = "<group>";
		};
/* End PBXVariantGroup section */

/* Begin XCBuildConfiguration section */
		72CFEFBD1B537A2200F1EE32 /* Debug */ = {
			isa = XCBuildConfiguration;
			buildSettings = {
				ALWAYS_SEARCH_USER_PATHS = NO;
				CLANG_CXX_LANGUAGE_STANDARD = "gnu++0x";
				CLANG_CXX_LIBRARY = "libc++";
				CLANG_ENABLE_MODULES = YES;
				CLANG_ENABLE_OBJC_ARC = YES;
				CLANG_WARN_BOOL_CONVERSION = YES;
				CLANG_WARN_CONSTANT_CONVERSION = YES;
				CLANG_WARN_DIRECT_OBJC_ISA_USAGE = YES_ERROR;
				CLANG_WARN_EMPTY_BODY = YES;
				CLANG_WARN_ENUM_CONVERSION = YES;
				CLANG_WARN_INT_CONVERSION = YES;
				CLANG_WARN_OBJC_ROOT_CLASS = YES_ERROR;
				CLANG_WARN_UNREACHABLE_CODE = YES;
				CLANG_WARN__DUPLICATE_METHOD_MATCH = YES;
				"CODE_SIGN_IDENTITY[sdk=iphoneos*]" = "iPhone Developer";
				COPY_PHASE_STRIP = NO;
				ENABLE_STRICT_OBJC_MSGSEND = YES;
				GCC_C_LANGUAGE_STANDARD = gnu99;
				GCC_DYNAMIC_NO_PIC = NO;
				GCC_OPTIMIZATION_LEVEL = 0;
				GCC_PREPROCESSOR_DEFINITIONS = (
					"DEBUG=1",
					"$(inherited)",
				);
				GCC_SYMBOLS_PRIVATE_EXTERN = NO;
				GCC_WARN_64_TO_32_BIT_CONVERSION = YES;
				GCC_WARN_ABOUT_RETURN_TYPE = YES_ERROR;
				GCC_WARN_UNDECLARED_SELECTOR = YES;
				GCC_WARN_UNINITIALIZED_AUTOS = YES_AGGRESSIVE;
				GCC_WARN_UNUSED_FUNCTION = YES;
				GCC_WARN_UNUSED_VARIABLE = YES;
				IPHONEOS_DEPLOYMENT_TARGET = 8.2;
				MTL_ENABLE_DEBUG_INFO = YES;
				ONLY_ACTIVE_ARCH = YES;
				SDKROOT = iphoneos;
				SWIFT_OPTIMIZATION_LEVEL = "-Onone";
				TARGETED_DEVICE_FAMILY = "1,2";
			};
			name = Debug;
		};
		72CFEFBE1B537A2200F1EE32 /* Release */ = {
			isa = XCBuildConfiguration;
			buildSettings = {
				ALWAYS_SEARCH_USER_PATHS = NO;
				CLANG_CXX_LANGUAGE_STANDARD = "gnu++0x";
				CLANG_CXX_LIBRARY = "libc++";
				CLANG_ENABLE_MODULES = YES;
				CLANG_ENABLE_OBJC_ARC = YES;
				CLANG_WARN_BOOL_CONVERSION = YES;
				CLANG_WARN_CONSTANT_CONVERSION = YES;
				CLANG_WARN_DIRECT_OBJC_ISA_USAGE = YES_ERROR;
				CLANG_WARN_EMPTY_BODY = YES;
				CLANG_WARN_ENUM_CONVERSION = YES;
				CLANG_WARN_INT_CONVERSION = YES;
				CLANG_WARN_OBJC_ROOT_CLASS = YES_ERROR;
				CLANG_WARN_UNREACHABLE_CODE = YES;
				CLANG_WARN__DUPLICATE_METHOD_MATCH = YES;
				"CODE_SIGN_IDENTITY[sdk=iphoneos*]" = "iPhone Developer";
				COPY_PHASE_STRIP = NO;
				ENABLE_NS_ASSERTIONS = NO;
				ENABLE_STRICT_OBJC_MSGSEND = YES;
				GCC_C_LANGUAGE_STANDARD = gnu99;
				GCC_WARN_64_TO_32_BIT_CONVERSION = YES;
				GCC_WARN_ABOUT_RETURN_TYPE = YES_ERROR;
				GCC_WARN_UNDECLARED_SELECTOR = YES;
				GCC_WARN_UNINITIALIZED_AUTOS = YES_AGGRESSIVE;
				GCC_WARN_UNUSED_FUNCTION = YES;
				GCC_WARN_UNUSED_VARIABLE = YES;
				IPHONEOS_DEPLOYMENT_TARGET = 8.2;
				MTL_ENABLE_DEBUG_INFO = NO;
				SDKROOT = iphoneos;
				TARGETED_DEVICE_FAMILY = "1,2";
				VALIDATE_PRODUCT = YES;
			};
			name = Release;
		};
		72CFEFC01B537A2200F1EE32 /* Debug */ = {
			isa = XCBuildConfiguration;
			buildSettings = {
				ASSETCATALOG_COMPILER_APPICON_NAME = AppIcon;
				INFOPLIST_FILE = Laika/Info.plist;
				LD_RUNPATH_SEARCH_PATHS = "$(inherited) @executable_path/Frameworks";
				PRODUCT_NAME = "$(TARGET_NAME)";
			};
			name = Debug;
		};
		72CFEFC11B537A2200F1EE32 /* Release */ = {
			isa = XCBuildConfiguration;
			buildSettings = {
				ASSETCATALOG_COMPILER_APPICON_NAME = AppIcon;
				INFOPLIST_FILE = Laika/Info.plist;
				LD_RUNPATH_SEARCH_PATHS = "$(inherited) @executable_path/Frameworks";
				PRODUCT_NAME = "$(TARGET_NAME)";
			};
			name = Release;
		};
		72CFEFC31B537A2200F1EE32 /* Debug */ = {
			isa = XCBuildConfiguration;
			buildSettings = {
				BUNDLE_LOADER = "$(TEST_HOST)";
				FRAMEWORK_SEARCH_PATHS = (
					"$(SDKROOT)/Developer/Library/Frameworks",
					"$(inherited)",
				);
				GCC_PREPROCESSOR_DEFINITIONS = (
					"DEBUG=1",
					"$(inherited)",
				);
				INFOPLIST_FILE = LaikaTests/Info.plist;
				LD_RUNPATH_SEARCH_PATHS = "$(inherited) @executable_path/Frameworks @loader_path/Frameworks";
				PRODUCT_NAME = "$(TARGET_NAME)";
				TEST_HOST = "$(BUILT_PRODUCTS_DIR)/Laika.app/Laika";
			};
			name = Debug;
		};
		72CFEFC41B537A2200F1EE32 /* Release */ = {
			isa = XCBuildConfiguration;
			buildSettings = {
				BUNDLE_LOADER = "$(TEST_HOST)";
				FRAMEWORK_SEARCH_PATHS = (
					"$(SDKROOT)/Developer/Library/Frameworks",
					"$(inherited)",
				);
				INFOPLIST_FILE = LaikaTests/Info.plist;
				LD_RUNPATH_SEARCH_PATHS = "$(inherited) @executable_path/Frameworks @loader_path/Frameworks";
				PRODUCT_NAME = "$(TARGET_NAME)";
				TEST_HOST = "$(BUILT_PRODUCTS_DIR)/Laika.app/Laika";
			};
			name = Release;
		};
/* End XCBuildConfiguration section */

/* Begin XCConfigurationList section */
		72CFEF9B1B537A2200F1EE32 /* Build configuration list for PBXProject "Laika" */ = {
			isa = XCConfigurationList;
			buildConfigurations = (
				72CFEFBD1B537A2200F1EE32 /* Debug */,
				72CFEFBE1B537A2200F1EE32 /* Release */,
			);
			defaultConfigurationIsVisible = 0;
			defaultConfigurationName = Release;
		};
		72CFEFBF1B537A2200F1EE32 /* Build configuration list for PBXNativeTarget "Laika" */ = {
			isa = XCConfigurationList;
			buildConfigurations = (
				72CFEFC01B537A2200F1EE32 /* Debug */,
				72CFEFC11B537A2200F1EE32 /* Release */,
			);
			defaultConfigurationIsVisible = 0;
		};
		72CFEFC21B537A2200F1EE32 /* Build configuration list for PBXNativeTarget "LaikaTests" */ = {
			isa = XCConfigurationList;
			buildConfigurations = (
				72CFEFC31B537A2200F1EE32 /* Debug */,
				72CFEFC41B537A2200F1EE32 /* Release */,
			);
			defaultConfigurationIsVisible = 0;
		};
/* End XCConfigurationList section */
	};
	rootObject = 72CFEF981B537A2200F1EE32 /* Project object */;
}
